
Microsoft Visual Studio Solution File, Format Version 12.00
Project("{FAE04EC0-301F-11D3-BF4B-00C04F79EFBC}") = "WebWind", "WebWind\WebWind.csproj", "{10D5A527-E3DA-41B7-BC54-91FEB48E9CCC}"
EndProject
Project("{FAE04EC0-301F-11D3-BF4B-00C04F79EFBC}") = "Example", "Example\Example.csproj", "{ABDCED5C-29BD-4D84-98E0-A4F8E38B6E61}"
EndProject
Global
	GlobalSection(SolutionConfigurationPlatforms) = preSolution
		Debug|Any CPU = Debug|Any CPU
		Release|Any CPU = Release|Any CPU
	EndGlobalSection
	GlobalSection(ProjectConfigurationPlatforms) = postSolution
		{10D5A527-E3DA-41B7-BC54-91FEB48E9CCC}.Debug|Any CPU.ActiveCfg = Debug|Any CPU
		{10D5A527-E3DA-41B7-BC54-91FEB48E9CCC}.Debug|Any CPU.Build.0 = Debug|Any CPU
		{10D5A527-E3DA-41B7-BC54-91FEB48E9CCC}.Release|Any CPU.ActiveCfg = Release|Any CPU
		{10D5A527-E3DA-41B7-BC54-91FEB48E9CCC}.Release|Any CPU.Build.0 = Release|Any CPU
		{ABDCED5C-29BD-4D84-98E0-A4F8E38B6E61}.Debug|Any CPU.ActiveCfg = Debug|Any CPU
		{ABDCED5C-29BD-4D84-98E0-A4F8E38B6E61}.Debug|Any CPU.Build.0 = Debug|Any CPU
		{ABDCED5C-29BD-4D84-98E0-A4F8E38B6E61}.Release|Any CPU.ActiveCfg = Release|Any CPU
		{ABDCED5C-29BD-4D84-98E0-A4F8E38B6E61}.Release|Any CPU.Build.0 = Release|Any CPU
	EndGlobalSection
EndGlobal
